
Microsoft Visual Studio Solution File, Format Version 12.00
# Visual Studio Version 17
VisualStudioVersion = 17.3.32825.248
MinimumVisualStudioVersion = 10.0.40219.1
Project("{8BC9CEB8-8B4A-11D0-8D11-00A0C91BC942}") = "07.07 麟江湖角色数据", "07.07 麟江湖角色数据.vcxproj", "{DF150852-FCA3-4421-8AD1-90673C40774A}"
EndProject
Global
	GlobalSection(SolutionConfigurationPlatforms) = preSolution
		Debug|x64 = Debug|x64
		Debug|x86 = Debug|x86
		Release|x64 = Release|x64
		Release|x86 = Release|x86
	EndGlobalSection
	GlobalSection(ProjectConfigurationPlatforms) = postSolution
		{DF150852-FCA3-4421-8AD1-90673C40774A}.Debug|x64.ActiveCfg = Debug|x64
		{DF150852-FCA3-4421-8AD1-90673C40774A}.Debug|x64.Build.0 = Debug|x64
		{DF150852-FCA3-4421-8AD1-90673C40774A}.Debug|x86.ActiveCfg = Debug|Win32
		{DF150852-FCA3-4421-8AD1-90673C40774A}.Debug|x86.Build.0 = Debug|Win32
		{DF150852-FCA3-4421-8AD1-90673C40774A}.Release|x64.ActiveCfg = Release|x64
		{DF150852-FCA3-4421-8AD1-90673C40774A}.Release|x64.Build.0 = Release|x64
		{DF150852-FCA3-4421-8AD1-90673C40774A}.Release|x86.ActiveCfg = Release|Win32
		{DF150852-FCA3-4421-8AD1-90673C40774A}.Release|x86.Build.0 = Release|Win32
	EndGlobalSection
	GlobalSection(SolutionProperties) = preSolution
		HideSolutionNode = FALSE
	EndGlobalSection
	GlobalSection(ExtensibilityGlobals) = postSolution
		SolutionGuid = {E8E18430-D6D4-4443-836C-2C224710D10E}
	EndGlobalSection
EndGlobal
