
Microsoft Visual Studio Solution File, Format Version 12.00
# Visual Studio Version 17
VisualStudioVersion = 17.3.32825.248
MinimumVisualStudioVersion = 10.0.40219.1
Project("{8BC9CEB8-8B4A-11D0-8D11-00A0C91BC942}") = "21.12 推断函数模板返回值类型", "21.12 推断函数模板返回值类型.vcxproj", "{4CAFA399-AF19-4D31-994A-B4154E117891}"
EndProject
Global
	GlobalSection(SolutionConfigurationPlatforms) = preSolution
		Debug|x64 = Debug|x64
		Debug|x86 = Debug|x86
		Release|x64 = Release|x64
		Release|x86 = Release|x86
	EndGlobalSection
	GlobalSection(ProjectConfigurationPlatforms) = postSolution
		{4CAFA399-AF19-4D31-994A-B4154E117891}.Debug|x64.ActiveCfg = Debug|x64
		{4CAFA399-AF19-4D31-994A-B4154E117891}.Debug|x64.Build.0 = Debug|x64
		{4CAFA399-AF19-4D31-994A-B4154E117891}.Debug|x86.ActiveCfg = Debug|Win32
		{4CAFA399-AF19-4D31-994A-B4154E117891}.Debug|x86.Build.0 = Debug|Win32
		{4CAFA399-AF19-4D31-994A-B4154E117891}.Release|x64.ActiveCfg = Release|x64
		{4CAFA399-AF19-4D31-994A-B4154E117891}.Release|x64.Build.0 = Release|x64
		{4CAFA399-AF19-4D31-994A-B4154E117891}.Release|x86.ActiveCfg = Release|Win32
		{4CAFA399-AF19-4D31-994A-B4154E117891}.Release|x86.Build.0 = Release|Win32
	EndGlobalSection
	GlobalSection(SolutionProperties) = preSolution
		HideSolutionNode = FALSE
	EndGlobalSection
	GlobalSection(ExtensibilityGlobals) = postSolution
		SolutionGuid = {A9021A01-FC49-462B-AAA7-6DFA1CEA2047}
	EndGlobalSection
EndGlobal
