
Microsoft Visual Studio Solution File, Format Version 12.00
# Visual Studio Version 16
VisualStudioVersion = 16.0.32901.82
MinimumVisualStudioVersion = 10.0.40219.1
Project("{8BC9CEB8-8B4A-11D0-8D11-00A0C91BC942}") = "05.01 线程01", "05.01 线程01.vcxproj", "{DC673AC0-CFC2-42EA-AE6F-583D74B5504F}"
EndProject
Global
	GlobalSection(SolutionConfigurationPlatforms) = preSolution
		Debug|x64 = Debug|x64
		Debug|x86 = Debug|x86
		Release|x64 = Release|x64
		Release|x86 = Release|x86
	EndGlobalSection
	GlobalSection(ProjectConfigurationPlatforms) = postSolution
		{DC673AC0-CFC2-42EA-AE6F-583D74B5504F}.Debug|x64.ActiveCfg = Debug|x64
		{DC673AC0-CFC2-42EA-AE6F-583D74B5504F}.Debug|x64.Build.0 = Debug|x64
		{DC673AC0-CFC2-42EA-AE6F-583D74B5504F}.Debug|x86.ActiveCfg = Debug|Win32
		{DC673AC0-CFC2-42EA-AE6F-583D74B5504F}.Debug|x86.Build.0 = Debug|Win32
		{DC673AC0-CFC2-42EA-AE6F-583D74B5504F}.Release|x64.ActiveCfg = Release|x64
		{DC673AC0-CFC2-42EA-AE6F-583D74B5504F}.Release|x64.Build.0 = Release|x64
		{DC673AC0-CFC2-42EA-AE6F-583D74B5504F}.Release|x86.ActiveCfg = Release|Win32
		{DC673AC0-CFC2-42EA-AE6F-583D74B5504F}.Release|x86.Build.0 = Release|Win32
	EndGlobalSection
	GlobalSection(SolutionProperties) = preSolution
		HideSolutionNode = FALSE
	EndGlobalSection
	GlobalSection(ExtensibilityGlobals) = postSolution
		SolutionGuid = {CE7A3023-FD74-490A-ADBD-FE0B02DB2934}
	EndGlobalSection
EndGlobal
