
Microsoft Visual Studio Solution File, Format Version 12.00
# Visual Studio Version 17
VisualStudioVersion = 17.3.32825.248
MinimumVisualStudioVersion = 10.0.40219.1
Project("{8BC9CEB8-8B4A-11D0-8D11-00A0C91BC942}") = "12.07 毕业项目 游戏 麟江湖 必杀技设计", "12.07 毕业项目 游戏 麟江湖 必杀技设计.vcxproj", "{FB70E2F6-5142-4D12-818C-C35883FA2919}"
EndProject
Global
	GlobalSection(SolutionConfigurationPlatforms) = preSolution
		Debug|x64 = Debug|x64
		Debug|x86 = Debug|x86
		Release|x64 = Release|x64
		Release|x86 = Release|x86
	EndGlobalSection
	GlobalSection(ProjectConfigurationPlatforms) = postSolution
		{FB70E2F6-5142-4D12-818C-C35883FA2919}.Debug|x64.ActiveCfg = Debug|x64
		{FB70E2F6-5142-4D12-818C-C35883FA2919}.Debug|x64.Build.0 = Debug|x64
		{FB70E2F6-5142-4D12-818C-C35883FA2919}.Debug|x86.ActiveCfg = Debug|Win32
		{FB70E2F6-5142-4D12-818C-C35883FA2919}.Debug|x86.Build.0 = Debug|Win32
		{FB70E2F6-5142-4D12-818C-C35883FA2919}.Release|x64.ActiveCfg = Release|x64
		{FB70E2F6-5142-4D12-818C-C35883FA2919}.Release|x64.Build.0 = Release|x64
		{FB70E2F6-5142-4D12-818C-C35883FA2919}.Release|x86.ActiveCfg = Release|Win32
		{FB70E2F6-5142-4D12-818C-C35883FA2919}.Release|x86.Build.0 = Release|Win32
	EndGlobalSection
	GlobalSection(SolutionProperties) = preSolution
		HideSolutionNode = FALSE
	EndGlobalSection
	GlobalSection(ExtensibilityGlobals) = postSolution
		SolutionGuid = {E663E948-9D48-47FC-8253-11E7F4BCBE56}
	EndGlobalSection
EndGlobal
