
Microsoft Visual Studio Solution File, Format Version 12.00
# Visual Studio Version 17
VisualStudioVersion = 17.3.32825.248
MinimumVisualStudioVersion = 10.0.40219.1
Project("{8BC9CEB8-8B4A-11D0-8D11-00A0C91BC942}") = "28.02 protected", "28.02 protected.vcxproj", "{55D808B4-7DF9-47FF-95CB-7A2CEFD106EB}"
EndProject
Global
	GlobalSection(SolutionConfigurationPlatforms) = preSolution
		Debug|x64 = Debug|x64
		Debug|x86 = Debug|x86
		Release|x64 = Release|x64
		Release|x86 = Release|x86
	EndGlobalSection
	GlobalSection(ProjectConfigurationPlatforms) = postSolution
		{55D808B4-7DF9-47FF-95CB-7A2CEFD106EB}.Debug|x64.ActiveCfg = Debug|x64
		{55D808B4-7DF9-47FF-95CB-7A2CEFD106EB}.Debug|x64.Build.0 = Debug|x64
		{55D808B4-7DF9-47FF-95CB-7A2CEFD106EB}.Debug|x86.ActiveCfg = Debug|Win32
		{55D808B4-7DF9-47FF-95CB-7A2CEFD106EB}.Debug|x86.Build.0 = Debug|Win32
		{55D808B4-7DF9-47FF-95CB-7A2CEFD106EB}.Release|x64.ActiveCfg = Release|x64
		{55D808B4-7DF9-47FF-95CB-7A2CEFD106EB}.Release|x64.Build.0 = Release|x64
		{55D808B4-7DF9-47FF-95CB-7A2CEFD106EB}.Release|x86.ActiveCfg = Release|Win32
		{55D808B4-7DF9-47FF-95CB-7A2CEFD106EB}.Release|x86.Build.0 = Release|Win32
	EndGlobalSection
	GlobalSection(SolutionProperties) = preSolution
		HideSolutionNode = FALSE
	EndGlobalSection
	GlobalSection(ExtensibilityGlobals) = postSolution
		SolutionGuid = {F89A0F44-9EBB-4A2C-8E1B-A6E25F421B91}
	EndGlobalSection
EndGlobal
