
Microsoft Visual Studio Solution File, Format Version 12.00
# Visual Studio Version 17
VisualStudioVersion = 17.3.32825.248
MinimumVisualStudioVersion = 10.0.40219.1
Project("{8BC9CEB8-8B4A-11D0-8D11-00A0C91BC942}") = "23.12 MSVC的预定义宏", "23.12 MSVC的预定义宏.vcxproj", "{11BB12AA-5E25-469B-9260-D1DF8C36B737}"
EndProject
Global
	GlobalSection(SolutionConfigurationPlatforms) = preSolution
		Debug|x64 = Debug|x64
		Debug|x86 = Debug|x86
		Release|x64 = Release|x64
		Release|x86 = Release|x86
	EndGlobalSection
	GlobalSection(ProjectConfigurationPlatforms) = postSolution
		{11BB12AA-5E25-469B-9260-D1DF8C36B737}.Debug|x64.ActiveCfg = Debug|x64
		{11BB12AA-5E25-469B-9260-D1DF8C36B737}.Debug|x64.Build.0 = Debug|x64
		{11BB12AA-5E25-469B-9260-D1DF8C36B737}.Debug|x86.ActiveCfg = Debug|Win32
		{11BB12AA-5E25-469B-9260-D1DF8C36B737}.Debug|x86.Build.0 = Debug|Win32
		{11BB12AA-5E25-469B-9260-D1DF8C36B737}.Release|x64.ActiveCfg = Release|x64
		{11BB12AA-5E25-469B-9260-D1DF8C36B737}.Release|x64.Build.0 = Release|x64
		{11BB12AA-5E25-469B-9260-D1DF8C36B737}.Release|x86.ActiveCfg = Release|Win32
		{11BB12AA-5E25-469B-9260-D1DF8C36B737}.Release|x86.Build.0 = Release|Win32
	EndGlobalSection
	GlobalSection(SolutionProperties) = preSolution
		HideSolutionNode = FALSE
	EndGlobalSection
	GlobalSection(ExtensibilityGlobals) = postSolution
		SolutionGuid = {CDEEE68E-6AF8-42E5-8188-C7665714E908}
	EndGlobalSection
EndGlobal
