
Microsoft Visual Studio Solution File, Format Version 12.00
# Visual Studio Version 17
VisualStudioVersion = 17.3.32825.248
MinimumVisualStudioVersion = 10.0.40219.1
Project("{8BC9CEB8-8B4A-11D0-8D11-00A0C91BC942}") = "25.10 项目设计 实现角色吃药", "25.10 项目设计 实现角色吃药.vcxproj", "{BA2FDF24-80EC-45E9-ADB0-999D9305B400}"
EndProject
Global
	GlobalSection(SolutionConfigurationPlatforms) = preSolution
		Debug|x64 = Debug|x64
		Debug|x86 = Debug|x86
		Release|x64 = Release|x64
		Release|x86 = Release|x86
	EndGlobalSection
	GlobalSection(ProjectConfigurationPlatforms) = postSolution
		{BA2FDF24-80EC-45E9-ADB0-999D9305B400}.Debug|x64.ActiveCfg = Debug|x64
		{BA2FDF24-80EC-45E9-ADB0-999D9305B400}.Debug|x64.Build.0 = Debug|x64
		{BA2FDF24-80EC-45E9-ADB0-999D9305B400}.Debug|x86.ActiveCfg = Debug|Win32
		{BA2FDF24-80EC-45E9-ADB0-999D9305B400}.Debug|x86.Build.0 = Debug|Win32
		{BA2FDF24-80EC-45E9-ADB0-999D9305B400}.Release|x64.ActiveCfg = Release|x64
		{BA2FDF24-80EC-45E9-ADB0-999D9305B400}.Release|x64.Build.0 = Release|x64
		{BA2FDF24-80EC-45E9-ADB0-999D9305B400}.Release|x86.ActiveCfg = Release|Win32
		{BA2FDF24-80EC-45E9-ADB0-999D9305B400}.Release|x86.Build.0 = Release|Win32
	EndGlobalSection
	GlobalSection(SolutionProperties) = preSolution
		HideSolutionNode = FALSE
	EndGlobalSection
	GlobalSection(ExtensibilityGlobals) = postSolution
		SolutionGuid = {AC7E83D8-94E6-466A-8327-6B1BF9E911D2}
	EndGlobalSection
EndGlobal
