
Microsoft Visual Studio Solution File, Format Version 12.00
# Visual Studio Version 17
VisualStudioVersion = 17.3.32825.248
MinimumVisualStudioVersion = 10.0.40219.1
Project("{8BC9CEB8-8B4A-11D0-8D11-00A0C91BC942}") = "21.05 常量和变量之间的版本不可以重载", "21.05 常量和变量之间的版本不可以重载.vcxproj", "{8BE25737-3734-466E-AA48-454D3C878038}"
EndProject
Global
	GlobalSection(SolutionConfigurationPlatforms) = preSolution
		Debug|x64 = Debug|x64
		Debug|x86 = Debug|x86
		Release|x64 = Release|x64
		Release|x86 = Release|x86
	EndGlobalSection
	GlobalSection(ProjectConfigurationPlatforms) = postSolution
		{8BE25737-3734-466E-AA48-454D3C878038}.Debug|x64.ActiveCfg = Debug|x64
		{8BE25737-3734-466E-AA48-454D3C878038}.Debug|x64.Build.0 = Debug|x64
		{8BE25737-3734-466E-AA48-454D3C878038}.Debug|x86.ActiveCfg = Debug|Win32
		{8BE25737-3734-466E-AA48-454D3C878038}.Debug|x86.Build.0 = Debug|Win32
		{8BE25737-3734-466E-AA48-454D3C878038}.Release|x64.ActiveCfg = Release|x64
		{8BE25737-3734-466E-AA48-454D3C878038}.Release|x64.Build.0 = Release|x64
		{8BE25737-3734-466E-AA48-454D3C878038}.Release|x86.ActiveCfg = Release|Win32
		{8BE25737-3734-466E-AA48-454D3C878038}.Release|x86.Build.0 = Release|Win32
	EndGlobalSection
	GlobalSection(SolutionProperties) = preSolution
		HideSolutionNode = FALSE
	EndGlobalSection
	GlobalSection(ExtensibilityGlobals) = postSolution
		SolutionGuid = {EF27D5A1-B8D6-4FB3-9AC7-EF313AF6DAC6}
	EndGlobalSection
EndGlobal
