
Microsoft Visual Studio Solution File, Format Version 12.00
# Visual Studio Version 17
VisualStudioVersion = 17.3.32825.248
MinimumVisualStudioVersion = 10.0.40219.1
Project("{8BC9CEB8-8B4A-11D0-8D11-00A0C91BC942}") = "18.01 字符串", "18.01 字符串.vcxproj", "{93B6FEA2-DE0F-4082-A9ED-9CE654C14436}"
EndProject
Global
	GlobalSection(SolutionConfigurationPlatforms) = preSolution
		Debug|x64 = Debug|x64
		Debug|x86 = Debug|x86
		Release|x64 = Release|x64
		Release|x86 = Release|x86
	EndGlobalSection
	GlobalSection(ProjectConfigurationPlatforms) = postSolution
		{93B6FEA2-DE0F-4082-A9ED-9CE654C14436}.Debug|x64.ActiveCfg = Debug|x64
		{93B6FEA2-DE0F-4082-A9ED-9CE654C14436}.Debug|x64.Build.0 = Debug|x64
		{93B6FEA2-DE0F-4082-A9ED-9CE654C14436}.Debug|x86.ActiveCfg = Debug|Win32
		{93B6FEA2-DE0F-4082-A9ED-9CE654C14436}.Debug|x86.Build.0 = Debug|Win32
		{93B6FEA2-DE0F-4082-A9ED-9CE654C14436}.Release|x64.ActiveCfg = Release|x64
		{93B6FEA2-DE0F-4082-A9ED-9CE654C14436}.Release|x64.Build.0 = Release|x64
		{93B6FEA2-DE0F-4082-A9ED-9CE654C14436}.Release|x86.ActiveCfg = Release|Win32
		{93B6FEA2-DE0F-4082-A9ED-9CE654C14436}.Release|x86.Build.0 = Release|Win32
	EndGlobalSection
	GlobalSection(SolutionProperties) = preSolution
		HideSolutionNode = FALSE
	EndGlobalSection
	GlobalSection(ExtensibilityGlobals) = postSolution
		SolutionGuid = {29EFB8CB-6EE8-43B1-A915-02DB77B5A541}
	EndGlobalSection
EndGlobal
