
Microsoft Visual Studio Solution File, Format Version 12.00
# Visual Studio Version 17
VisualStudioVersion = 17.3.32825.248
MinimumVisualStudioVersion = 10.0.40219.1
Project("{8BC9CEB8-8B4A-11D0-8D11-00A0C91BC942}") = "18.03 字符串补充知识", "18.03 字符串补充知识.vcxproj", "{95388699-781B-4732-A53E-57C314FE4038}"
EndProject
Global
	GlobalSection(SolutionConfigurationPlatforms) = preSolution
		Debug|x64 = Debug|x64
		Debug|x86 = Debug|x86
		Release|x64 = Release|x64
		Release|x86 = Release|x86
	EndGlobalSection
	GlobalSection(ProjectConfigurationPlatforms) = postSolution
		{95388699-781B-4732-A53E-57C314FE4038}.Debug|x64.ActiveCfg = Debug|x64
		{95388699-781B-4732-A53E-57C314FE4038}.Debug|x64.Build.0 = Debug|x64
		{95388699-781B-4732-A53E-57C314FE4038}.Debug|x86.ActiveCfg = Debug|Win32
		{95388699-781B-4732-A53E-57C314FE4038}.Debug|x86.Build.0 = Debug|Win32
		{95388699-781B-4732-A53E-57C314FE4038}.Release|x64.ActiveCfg = Release|x64
		{95388699-781B-4732-A53E-57C314FE4038}.Release|x64.Build.0 = Release|x64
		{95388699-781B-4732-A53E-57C314FE4038}.Release|x86.ActiveCfg = Release|Win32
		{95388699-781B-4732-A53E-57C314FE4038}.Release|x86.Build.0 = Release|Win32
	EndGlobalSection
	GlobalSection(SolutionProperties) = preSolution
		HideSolutionNode = FALSE
	EndGlobalSection
	GlobalSection(ExtensibilityGlobals) = postSolution
		SolutionGuid = {57AAA0E5-D428-46EF-B330-6E523687EC8C}
	EndGlobalSection
EndGlobal
