
Microsoft Visual Studio Solution File, Format Version 12.00
# Visual Studio Version 17
VisualStudioVersion = 17.3.32825.248
MinimumVisualStudioVersion = 10.0.40219.1
Project("{8BC9CEB8-8B4A-11D0-8D11-00A0C91BC942}") = "14.07 释放技能", "14.07 释放技能.vcxproj", "{0768A374-E52F-4ABC-B40C-3D291DC343D4}"
EndProject
Global
	GlobalSection(SolutionConfigurationPlatforms) = preSolution
		Debug|x64 = Debug|x64
		Debug|x86 = Debug|x86
		Release|x64 = Release|x64
		Release|x86 = Release|x86
	EndGlobalSection
	GlobalSection(ProjectConfigurationPlatforms) = postSolution
		{0768A374-E52F-4ABC-B40C-3D291DC343D4}.Debug|x64.ActiveCfg = Debug|x64
		{0768A374-E52F-4ABC-B40C-3D291DC343D4}.Debug|x64.Build.0 = Debug|x64
		{0768A374-E52F-4ABC-B40C-3D291DC343D4}.Debug|x86.ActiveCfg = Debug|Win32
		{0768A374-E52F-4ABC-B40C-3D291DC343D4}.Debug|x86.Build.0 = Debug|Win32
		{0768A374-E52F-4ABC-B40C-3D291DC343D4}.Release|x64.ActiveCfg = Release|x64
		{0768A374-E52F-4ABC-B40C-3D291DC343D4}.Release|x64.Build.0 = Release|x64
		{0768A374-E52F-4ABC-B40C-3D291DC343D4}.Release|x86.ActiveCfg = Release|Win32
		{0768A374-E52F-4ABC-B40C-3D291DC343D4}.Release|x86.Build.0 = Release|Win32
	EndGlobalSection
	GlobalSection(SolutionProperties) = preSolution
		HideSolutionNode = FALSE
	EndGlobalSection
	GlobalSection(ExtensibilityGlobals) = postSolution
		SolutionGuid = {311C786E-4E7A-40E7-92FD-2FEDC6569DCB}
	EndGlobalSection
EndGlobal
