
Microsoft Visual Studio Solution File, Format Version 12.00
# Visual Studio Version 17
VisualStudioVersion = 17.3.32825.248
MinimumVisualStudioVersion = 10.0.40219.1
Project("{8BC9CEB8-8B4A-11D0-8D11-00A0C91BC942}") = "22.16 递归函数", "22.16 递归函数.vcxproj", "{77B9DCEB-7BD3-48FC-8E56-D002018111F7}"
EndProject
Global
	GlobalSection(SolutionConfigurationPlatforms) = preSolution
		Debug|x64 = Debug|x64
		Debug|x86 = Debug|x86
		Release|x64 = Release|x64
		Release|x86 = Release|x86
	EndGlobalSection
	GlobalSection(ProjectConfigurationPlatforms) = postSolution
		{77B9DCEB-7BD3-48FC-8E56-D002018111F7}.Debug|x64.ActiveCfg = Debug|x64
		{77B9DCEB-7BD3-48FC-8E56-D002018111F7}.Debug|x64.Build.0 = Debug|x64
		{77B9DCEB-7BD3-48FC-8E56-D002018111F7}.Debug|x86.ActiveCfg = Debug|Win32
		{77B9DCEB-7BD3-48FC-8E56-D002018111F7}.Debug|x86.Build.0 = Debug|Win32
		{77B9DCEB-7BD3-48FC-8E56-D002018111F7}.Release|x64.ActiveCfg = Release|x64
		{77B9DCEB-7BD3-48FC-8E56-D002018111F7}.Release|x64.Build.0 = Release|x64
		{77B9DCEB-7BD3-48FC-8E56-D002018111F7}.Release|x86.ActiveCfg = Release|Win32
		{77B9DCEB-7BD3-48FC-8E56-D002018111F7}.Release|x86.Build.0 = Release|Win32
	EndGlobalSection
	GlobalSection(SolutionProperties) = preSolution
		HideSolutionNode = FALSE
	EndGlobalSection
	GlobalSection(ExtensibilityGlobals) = postSolution
		SolutionGuid = {972A713B-C4C9-4841-93F3-DC561EFA9285}
	EndGlobalSection
EndGlobal
