
Microsoft Visual Studio Solution File, Format Version 12.00
# Visual Studio Version 17
VisualStudioVersion = 17.3.32825.248
MinimumVisualStudioVersion = 10.0.40219.1
Project("{8BC9CEB8-8B4A-11D0-8D11-00A0C91BC942}") = "15.01 数组反汇编", "15.01 数组反汇编.vcxproj", "{A18A6DEE-9E4F-4F24-979E-3D43DCC0E6D0}"
EndProject
Global
	GlobalSection(SolutionConfigurationPlatforms) = preSolution
		Debug|x64 = Debug|x64
		Debug|x86 = Debug|x86
		Release|x64 = Release|x64
		Release|x86 = Release|x86
	EndGlobalSection
	GlobalSection(ProjectConfigurationPlatforms) = postSolution
		{A18A6DEE-9E4F-4F24-979E-3D43DCC0E6D0}.Debug|x64.ActiveCfg = Debug|x64
		{A18A6DEE-9E4F-4F24-979E-3D43DCC0E6D0}.Debug|x64.Build.0 = Debug|x64
		{A18A6DEE-9E4F-4F24-979E-3D43DCC0E6D0}.Debug|x86.ActiveCfg = Debug|Win32
		{A18A6DEE-9E4F-4F24-979E-3D43DCC0E6D0}.Debug|x86.Build.0 = Debug|Win32
		{A18A6DEE-9E4F-4F24-979E-3D43DCC0E6D0}.Release|x64.ActiveCfg = Release|x64
		{A18A6DEE-9E4F-4F24-979E-3D43DCC0E6D0}.Release|x64.Build.0 = Release|x64
		{A18A6DEE-9E4F-4F24-979E-3D43DCC0E6D0}.Release|x86.ActiveCfg = Release|Win32
		{A18A6DEE-9E4F-4F24-979E-3D43DCC0E6D0}.Release|x86.Build.0 = Release|Win32
	EndGlobalSection
	GlobalSection(SolutionProperties) = preSolution
		HideSolutionNode = FALSE
	EndGlobalSection
	GlobalSection(ExtensibilityGlobals) = postSolution
		SolutionGuid = {3E7A5239-EC57-4B85-A3CD-5C46E6193678}
	EndGlobalSection
EndGlobal
