
Microsoft Visual Studio Solution File, Format Version 12.00
# Visual Studio Version 17
VisualStudioVersion = 17.3.32825.248
MinimumVisualStudioVersion = 10.0.40219.1
Project("{8BC9CEB8-8B4A-11D0-8D11-00A0C91BC942}") = "24.11 default关键字", "24.11 default关键字.vcxproj", "{8B07D207-DAB1-4B19-9DCB-89E45C7DD656}"
EndProject
Global
	GlobalSection(SolutionConfigurationPlatforms) = preSolution
		Debug|x64 = Debug|x64
		Debug|x86 = Debug|x86
		Release|x64 = Release|x64
		Release|x86 = Release|x86
	EndGlobalSection
	GlobalSection(ProjectConfigurationPlatforms) = postSolution
		{8B07D207-DAB1-4B19-9DCB-89E45C7DD656}.Debug|x64.ActiveCfg = Debug|x64
		{8B07D207-DAB1-4B19-9DCB-89E45C7DD656}.Debug|x64.Build.0 = Debug|x64
		{8B07D207-DAB1-4B19-9DCB-89E45C7DD656}.Debug|x86.ActiveCfg = Debug|Win32
		{8B07D207-DAB1-4B19-9DCB-89E45C7DD656}.Debug|x86.Build.0 = Debug|Win32
		{8B07D207-DAB1-4B19-9DCB-89E45C7DD656}.Release|x64.ActiveCfg = Release|x64
		{8B07D207-DAB1-4B19-9DCB-89E45C7DD656}.Release|x64.Build.0 = Release|x64
		{8B07D207-DAB1-4B19-9DCB-89E45C7DD656}.Release|x86.ActiveCfg = Release|Win32
		{8B07D207-DAB1-4B19-9DCB-89E45C7DD656}.Release|x86.Build.0 = Release|Win32
	EndGlobalSection
	GlobalSection(SolutionProperties) = preSolution
		HideSolutionNode = FALSE
	EndGlobalSection
	GlobalSection(ExtensibilityGlobals) = postSolution
		SolutionGuid = {2ED183EE-562D-4725-8DA9-47C83034050F}
	EndGlobalSection
EndGlobal
