
Microsoft Visual Studio Solution File, Format Version 12.00
# Visual Studio Version 16
VisualStudioVersion = 16.0.32901.82
MinimumVisualStudioVersion = 10.0.40219.1
Project("{8BC9CEB8-8B4A-11D0-8D11-00A0C91BC942}") = "02.01 MyNetProject", "02.01 MyNetProject.vcxproj", "{581EB8FE-9E24-430A-8B95-14E60F1C3088}"
EndProject
Project("{8BC9CEB8-8B4A-11D0-8D11-00A0C91BC942}") = "02.02 MyNetProject", "..\02.02 MyNetProject\02.02 MyNetProject.vcxproj", "{1F9DAA93-B213-4342-B73D-2F758C2DF09E}"
EndProject
Global
	GlobalSection(SolutionConfigurationPlatforms) = preSolution
		Debug|x64 = Debug|x64
		Debug|x86 = Debug|x86
		Release|x64 = Release|x64
		Release|x86 = Release|x86
	EndGlobalSection
	GlobalSection(ProjectConfigurationPlatforms) = postSolution
		{581EB8FE-9E24-430A-8B95-14E60F1C3088}.Debug|x64.ActiveCfg = Debug|x64
		{581EB8FE-9E24-430A-8B95-14E60F1C3088}.Debug|x64.Build.0 = Debug|x64
		{581EB8FE-9E24-430A-8B95-14E60F1C3088}.Debug|x86.ActiveCfg = Debug|Win32
		{581EB8FE-9E24-430A-8B95-14E60F1C3088}.Debug|x86.Build.0 = Debug|Win32
		{581EB8FE-9E24-430A-8B95-14E60F1C3088}.Release|x64.ActiveCfg = Release|x64
		{581EB8FE-9E24-430A-8B95-14E60F1C3088}.Release|x64.Build.0 = Release|x64
		{581EB8FE-9E24-430A-8B95-14E60F1C3088}.Release|x86.ActiveCfg = Release|Win32
		{581EB8FE-9E24-430A-8B95-14E60F1C3088}.Release|x86.Build.0 = Release|Win32
		{1F9DAA93-B213-4342-B73D-2F758C2DF09E}.Debug|x64.ActiveCfg = Debug|x64
		{1F9DAA93-B213-4342-B73D-2F758C2DF09E}.Debug|x64.Build.0 = Debug|x64
		{1F9DAA93-B213-4342-B73D-2F758C2DF09E}.Debug|x86.ActiveCfg = Debug|Win32
		{1F9DAA93-B213-4342-B73D-2F758C2DF09E}.Debug|x86.Build.0 = Debug|Win32
		{1F9DAA93-B213-4342-B73D-2F758C2DF09E}.Release|x64.ActiveCfg = Release|x64
		{1F9DAA93-B213-4342-B73D-2F758C2DF09E}.Release|x64.Build.0 = Release|x64
		{1F9DAA93-B213-4342-B73D-2F758C2DF09E}.Release|x86.ActiveCfg = Release|Win32
		{1F9DAA93-B213-4342-B73D-2F758C2DF09E}.Release|x86.Build.0 = Release|Win32
	EndGlobalSection
	GlobalSection(SolutionProperties) = preSolution
		HideSolutionNode = FALSE
	EndGlobalSection
	GlobalSection(ExtensibilityGlobals) = postSolution
		SolutionGuid = {65FFF5B4-C28D-4357-A12C-6CDB3BF5D8BD}
	EndGlobalSection
EndGlobal
