
Microsoft Visual Studio Solution File, Format Version 12.00
# Visual Studio Version 17
VisualStudioVersion = 17.3.32825.248
MinimumVisualStudioVersion = 10.0.40219.1
Project("{8BC9CEB8-8B4A-11D0-8D11-00A0C91BC942}") = "29.11 动态强制转换", "29.11 动态强制转换.vcxproj", "{BF84B29F-B4D3-47A3-AD30-332528022F26}"
EndProject
Global
	GlobalSection(SolutionConfigurationPlatforms) = preSolution
		Debug|x64 = Debug|x64
		Debug|x86 = Debug|x86
		Release|x64 = Release|x64
		Release|x86 = Release|x86
	EndGlobalSection
	GlobalSection(ProjectConfigurationPlatforms) = postSolution
		{BF84B29F-B4D3-47A3-AD30-332528022F26}.Debug|x64.ActiveCfg = Debug|x64
		{BF84B29F-B4D3-47A3-AD30-332528022F26}.Debug|x64.Build.0 = Debug|x64
		{BF84B29F-B4D3-47A3-AD30-332528022F26}.Debug|x86.ActiveCfg = Debug|Win32
		{BF84B29F-B4D3-47A3-AD30-332528022F26}.Debug|x86.Build.0 = Debug|Win32
		{BF84B29F-B4D3-47A3-AD30-332528022F26}.Release|x64.ActiveCfg = Release|x64
		{BF84B29F-B4D3-47A3-AD30-332528022F26}.Release|x64.Build.0 = Release|x64
		{BF84B29F-B4D3-47A3-AD30-332528022F26}.Release|x86.ActiveCfg = Release|Win32
		{BF84B29F-B4D3-47A3-AD30-332528022F26}.Release|x86.Build.0 = Release|Win32
	EndGlobalSection
	GlobalSection(SolutionProperties) = preSolution
		HideSolutionNode = FALSE
	EndGlobalSection
	GlobalSection(ExtensibilityGlobals) = postSolution
		SolutionGuid = {5AECE440-3BB3-4331-A7C4-E28674404F78}
	EndGlobalSection
EndGlobal
