
Microsoft Visual Studio Solution File, Format Version 12.00
# Visual Studio Version 17
VisualStudioVersion = 17.3.32825.248
MinimumVisualStudioVersion = 10.0.40219.1
Project("{8BC9CEB8-8B4A-11D0-8D11-00A0C91BC942}") = "29.18 虚函数的实现机制", "29.18 虚函数的实现机制.vcxproj", "{7A243B1B-6531-4787-88AA-E28F1194B1D2}"
EndProject
Global
	GlobalSection(SolutionConfigurationPlatforms) = preSolution
		Debug|x64 = Debug|x64
		Debug|x86 = Debug|x86
		Release|x64 = Release|x64
		Release|x86 = Release|x86
	EndGlobalSection
	GlobalSection(ProjectConfigurationPlatforms) = postSolution
		{7A243B1B-6531-4787-88AA-E28F1194B1D2}.Debug|x64.ActiveCfg = Debug|x64
		{7A243B1B-6531-4787-88AA-E28F1194B1D2}.Debug|x64.Build.0 = Debug|x64
		{7A243B1B-6531-4787-88AA-E28F1194B1D2}.Debug|x86.ActiveCfg = Debug|Win32
		{7A243B1B-6531-4787-88AA-E28F1194B1D2}.Debug|x86.Build.0 = Debug|Win32
		{7A243B1B-6531-4787-88AA-E28F1194B1D2}.Release|x64.ActiveCfg = Release|x64
		{7A243B1B-6531-4787-88AA-E28F1194B1D2}.Release|x64.Build.0 = Release|x64
		{7A243B1B-6531-4787-88AA-E28F1194B1D2}.Release|x86.ActiveCfg = Release|Win32
		{7A243B1B-6531-4787-88AA-E28F1194B1D2}.Release|x86.Build.0 = Release|Win32
	EndGlobalSection
	GlobalSection(SolutionProperties) = preSolution
		HideSolutionNode = FALSE
	EndGlobalSection
	GlobalSection(ExtensibilityGlobals) = postSolution
		SolutionGuid = {053D047A-44F6-4457-8157-C0FBACB3E017}
	EndGlobalSection
EndGlobal
