
Microsoft Visual Studio Solution File, Format Version 12.00
# Visual Studio Version 17
VisualStudioVersion = 17.3.32825.248
MinimumVisualStudioVersion = 10.0.40219.1
Project("{8BC9CEB8-8B4A-11D0-8D11-00A0C91BC942}") = "25.03 友元", "25.03 友元.vcxproj", "{8429CC63-FAE6-4851-804C-56F4DC27C020}"
EndProject
Global
	GlobalSection(SolutionConfigurationPlatforms) = preSolution
		Debug|x64 = Debug|x64
		Debug|x86 = Debug|x86
		Release|x64 = Release|x64
		Release|x86 = Release|x86
	EndGlobalSection
	GlobalSection(ProjectConfigurationPlatforms) = postSolution
		{8429CC63-FAE6-4851-804C-56F4DC27C020}.Debug|x64.ActiveCfg = Debug|x64
		{8429CC63-FAE6-4851-804C-56F4DC27C020}.Debug|x64.Build.0 = Debug|x64
		{8429CC63-FAE6-4851-804C-56F4DC27C020}.Debug|x86.ActiveCfg = Debug|Win32
		{8429CC63-FAE6-4851-804C-56F4DC27C020}.Debug|x86.Build.0 = Debug|Win32
		{8429CC63-FAE6-4851-804C-56F4DC27C020}.Release|x64.ActiveCfg = Release|x64
		{8429CC63-FAE6-4851-804C-56F4DC27C020}.Release|x64.Build.0 = Release|x64
		{8429CC63-FAE6-4851-804C-56F4DC27C020}.Release|x86.ActiveCfg = Release|Win32
		{8429CC63-FAE6-4851-804C-56F4DC27C020}.Release|x86.Build.0 = Release|Win32
	EndGlobalSection
	GlobalSection(SolutionProperties) = preSolution
		HideSolutionNode = FALSE
	EndGlobalSection
	GlobalSection(ExtensibilityGlobals) = postSolution
		SolutionGuid = {0C659706-C332-48CB-8017-AC9A23DF1126}
	EndGlobalSection
EndGlobal
