
Microsoft Visual Studio Solution File, Format Version 12.00
# Visual Studio Version 17
VisualStudioVersion = 17.3.32825.248
MinimumVisualStudioVersion = 10.0.40219.1
Project("{8BC9CEB8-8B4A-11D0-8D11-00A0C91BC942}") = "09.03 if else", "09.03 if else.vcxproj", "{F58179C7-7460-4930-A740-A24401A8FC8B}"
EndProject
Global
	GlobalSection(SolutionConfigurationPlatforms) = preSolution
		Debug|x64 = Debug|x64
		Debug|x86 = Debug|x86
		Release|x64 = Release|x64
		Release|x86 = Release|x86
	EndGlobalSection
	GlobalSection(ProjectConfigurationPlatforms) = postSolution
		{F58179C7-7460-4930-A740-A24401A8FC8B}.Debug|x64.ActiveCfg = Debug|x64
		{F58179C7-7460-4930-A740-A24401A8FC8B}.Debug|x64.Build.0 = Debug|x64
		{F58179C7-7460-4930-A740-A24401A8FC8B}.Debug|x86.ActiveCfg = Debug|Win32
		{F58179C7-7460-4930-A740-A24401A8FC8B}.Debug|x86.Build.0 = Debug|Win32
		{F58179C7-7460-4930-A740-A24401A8FC8B}.Release|x64.ActiveCfg = Release|x64
		{F58179C7-7460-4930-A740-A24401A8FC8B}.Release|x64.Build.0 = Release|x64
		{F58179C7-7460-4930-A740-A24401A8FC8B}.Release|x86.ActiveCfg = Release|Win32
		{F58179C7-7460-4930-A740-A24401A8FC8B}.Release|x86.Build.0 = Release|Win32
	EndGlobalSection
	GlobalSection(SolutionProperties) = preSolution
		HideSolutionNode = FALSE
	EndGlobalSection
	GlobalSection(ExtensibilityGlobals) = postSolution
		SolutionGuid = {FA84269E-75B7-447C-B63A-78C1C3A3725B}
	EndGlobalSection
EndGlobal
