
Microsoft Visual Studio Solution File, Format Version 12.00
# Visual Studio Version 17
VisualStudioVersion = 17.3.32825.248
MinimumVisualStudioVersion = 10.0.40219.1
Project("{8BC9CEB8-8B4A-11D0-8D11-00A0C91BC942}") = "22.08 extern", "22.08 extern.vcxproj", "{6B0C5141-8D49-4A67-855F-7823CECE0970}"
EndProject
Global
	GlobalSection(SolutionConfigurationPlatforms) = preSolution
		Debug|x64 = Debug|x64
		Debug|x86 = Debug|x86
		Release|x64 = Release|x64
		Release|x86 = Release|x86
	EndGlobalSection
	GlobalSection(ProjectConfigurationPlatforms) = postSolution
		{6B0C5141-8D49-4A67-855F-7823CECE0970}.Debug|x64.ActiveCfg = Debug|x64
		{6B0C5141-8D49-4A67-855F-7823CECE0970}.Debug|x64.Build.0 = Debug|x64
		{6B0C5141-8D49-4A67-855F-7823CECE0970}.Debug|x86.ActiveCfg = Debug|Win32
		{6B0C5141-8D49-4A67-855F-7823CECE0970}.Debug|x86.Build.0 = Debug|Win32
		{6B0C5141-8D49-4A67-855F-7823CECE0970}.Release|x64.ActiveCfg = Release|x64
		{6B0C5141-8D49-4A67-855F-7823CECE0970}.Release|x64.Build.0 = Release|x64
		{6B0C5141-8D49-4A67-855F-7823CECE0970}.Release|x86.ActiveCfg = Release|Win32
		{6B0C5141-8D49-4A67-855F-7823CECE0970}.Release|x86.Build.0 = Release|Win32
	EndGlobalSection
	GlobalSection(SolutionProperties) = preSolution
		HideSolutionNode = FALSE
	EndGlobalSection
	GlobalSection(ExtensibilityGlobals) = postSolution
		SolutionGuid = {E8D7E06C-C511-42FA-988F-1AD0408FE74A}
	EndGlobalSection
EndGlobal
