
Microsoft Visual Studio Solution File, Format Version 12.00
# Visual Studio Version 17
VisualStudioVersion = 17.3.32825.248
MinimumVisualStudioVersion = 10.0.40219.1
Project("{8BC9CEB8-8B4A-11D0-8D11-00A0C91BC942}") = "22.11 创建自己的sdkedoyun", "22.11 创建自己的sdkedoyun.vcxproj", "{154064EA-F92D-4BE9-8CFA-E6E1F2BBEE40}"
EndProject
Global
	GlobalSection(SolutionConfigurationPlatforms) = preSolution
		Debug|x64 = Debug|x64
		Debug|x86 = Debug|x86
		Release|x64 = Release|x64
		Release|x86 = Release|x86
	EndGlobalSection
	GlobalSection(ProjectConfigurationPlatforms) = postSolution
		{154064EA-F92D-4BE9-8CFA-E6E1F2BBEE40}.Debug|x64.ActiveCfg = Debug|x64
		{154064EA-F92D-4BE9-8CFA-E6E1F2BBEE40}.Debug|x64.Build.0 = Debug|x64
		{154064EA-F92D-4BE9-8CFA-E6E1F2BBEE40}.Debug|x86.ActiveCfg = Debug|Win32
		{154064EA-F92D-4BE9-8CFA-E6E1F2BBEE40}.Debug|x86.Build.0 = Debug|Win32
		{154064EA-F92D-4BE9-8CFA-E6E1F2BBEE40}.Release|x64.ActiveCfg = Release|x64
		{154064EA-F92D-4BE9-8CFA-E6E1F2BBEE40}.Release|x64.Build.0 = Release|x64
		{154064EA-F92D-4BE9-8CFA-E6E1F2BBEE40}.Release|x86.ActiveCfg = Release|Win32
		{154064EA-F92D-4BE9-8CFA-E6E1F2BBEE40}.Release|x86.Build.0 = Release|Win32
	EndGlobalSection
	GlobalSection(SolutionProperties) = preSolution
		HideSolutionNode = FALSE
	EndGlobalSection
	GlobalSection(ExtensibilityGlobals) = postSolution
		SolutionGuid = {605372CB-ABA8-49DC-8D75-CB7719B67818}
	EndGlobalSection
EndGlobal
