
Microsoft Visual Studio Solution File, Format Version 12.00
# Visual Studio Version 17
VisualStudioVersion = 17.3.32825.248
MinimumVisualStudioVersion = 10.0.40219.1
Project("{8BC9CEB8-8B4A-11D0-8D11-00A0C91BC942}") = "23.03 定义复杂表达式的宏", "23.03 定义复杂表达式的宏.vcxproj", "{F79B3198-860C-49F0-9D16-4B88DBE74705}"
EndProject
Global
	GlobalSection(SolutionConfigurationPlatforms) = preSolution
		Debug|x64 = Debug|x64
		Debug|x86 = Debug|x86
		Release|x64 = Release|x64
		Release|x86 = Release|x86
	EndGlobalSection
	GlobalSection(ProjectConfigurationPlatforms) = postSolution
		{F79B3198-860C-49F0-9D16-4B88DBE74705}.Debug|x64.ActiveCfg = Debug|x64
		{F79B3198-860C-49F0-9D16-4B88DBE74705}.Debug|x64.Build.0 = Debug|x64
		{F79B3198-860C-49F0-9D16-4B88DBE74705}.Debug|x86.ActiveCfg = Debug|Win32
		{F79B3198-860C-49F0-9D16-4B88DBE74705}.Debug|x86.Build.0 = Debug|Win32
		{F79B3198-860C-49F0-9D16-4B88DBE74705}.Release|x64.ActiveCfg = Release|x64
		{F79B3198-860C-49F0-9D16-4B88DBE74705}.Release|x64.Build.0 = Release|x64
		{F79B3198-860C-49F0-9D16-4B88DBE74705}.Release|x86.ActiveCfg = Release|Win32
		{F79B3198-860C-49F0-9D16-4B88DBE74705}.Release|x86.Build.0 = Release|Win32
	EndGlobalSection
	GlobalSection(SolutionProperties) = preSolution
		HideSolutionNode = FALSE
	EndGlobalSection
	GlobalSection(ExtensibilityGlobals) = postSolution
		SolutionGuid = {25FDF414-D030-4943-B1E8-27741F49AAFA}
	EndGlobalSection
EndGlobal
